// !$*UTF8*$!
{
	archiveVersion = 1;
	classes = {
	};
	objectVersion = 46;
	objects = {

/* Begin PBXBuildFile section */
		A413B3D11A1B704300C3673A /* SpaceScoutProjectile.m in Sources */ = {isa = PBXBuildFile; fileRef = A413B3D01A1B704300C3673A /* SpaceScoutProjectile.m */; };
		A413B3D41A1B70AF00C3673A /* SpaceScoutEnemy.m in Sources */ = {isa = PBXBuildFile; fileRef = A413B3D31A1B70AF00C3673A /* SpaceScoutEnemy.m */; };
		A413B3D81A1B710500C3673A /* SpaceScoutEnemyTeam.m in Sources */ = {isa = PBXBuildFile; fileRef = A413B3D71A1B710500C3673A /* SpaceScoutEnemyTeam.m */; };
		A413B3DD1A1B814800C3673A /* tut 1.png in Resources */ = {isa = PBXBuildFile; fileRef = A413B3DB1A1B814800C3673A /* tut 1.png */; };
		A413B3DE1A1B814800C3673A /* tut 2.png in Resources */ = {isa = PBXBuildFile; fileRef = A413B3DC1A1B814800C3673A /* tut 2.png */; };
		A42774B919FFC4DB00B59B3B /* PageContentViewController.m in Sources */ = {isa = PBXBuildFile; fileRef = A42774B819FFC4DB00B59B3B /* PageContentViewController.m */; };
		A42774BC19FFC4F500B59B3B /* PageViewController.m in Sources */ = {isa = PBXBuildFile; fileRef = A42774BB19FFC4F500B59B3B /* PageViewController.m */; };
		A42774C119FFCC1200B59B3B /* page1.png in Resources */ = {isa = PBXBuildFile; fileRef = A42774BD19FFCC1200B59B3B /* page1.png */; };
		A42774C219FFCC1200B59B3B /* page2.png in Resources */ = {isa = PBXBuildFile; fileRef = A42774BE19FFCC1200B59B3B /* page2.png */; };
		A42774C319FFCC1200B59B3B /* page3.png in Resources */ = {isa = PBXBuildFile; fileRef = A42774BF19FFCC1200B59B3B /* page3.png */; };
		A42774C419FFCC1200B59B3B /* page4.png in Resources */ = {isa = PBXBuildFile; fileRef = A42774C019FFCC1200B59B3B /* page4.png */; };
		A446F4571A0E4BB5006F0728 /* LanguageSelectionViewController.m in Sources */ = {isa = PBXBuildFile; fileRef = A446F4561A0E4BB5006F0728 /* LanguageSelectionViewController.m */; };
		A4672D1B19FB397300150AB1 /* homePageWallpaper.jpg in Resources */ = {isa = PBXBuildFile; fileRef = A4672D1A19FB397300150AB1 /* homePageWallpaper.jpg */; };
		A4672D1D19FB657900150AB1 /* WeaponsWallpaper.jpg in Resources */ = {isa = PBXBuildFile; fileRef = A4672D1C19FB657900150AB1 /* WeaponsWallpaper.jpg */; };
		A4672D1F19FB939700150AB1 /* VanityWallpaper.jpg in Resources */ = {isa = PBXBuildFile; fileRef = A4672D1E19FB939700150AB1 /* VanityWallpaper.jpg */; };
		A49A255D19B35858004144D1 /* SpaceScoutHighScore.m in Sources */ = {isa = PBXBuildFile; fileRef = A49A255C19B35858004144D1 /* SpaceScoutHighScore.m */; };
		A4A821941A025E0B00F76022 /* buy buy buy.jpg in Resources */ = {isa = PBXBuildFile; fileRef = A4A821931A025E0B00F76022 /* buy buy buy.jpg */; };
		A4AE567119ED57EC00091D73 /* Joystick.m in Sources */ = {isa = PBXBuildFile; fileRef = A4AE567019ED57EC00091D73 /* Joystick.m */; };
		A4AE569619ED58DE00091D73 /* Aaron Smith - Dancin (KRONO Remix).mp3 in Resources */ = {isa = PBXBuildFile; fileRef = A4AE567419ED58DE00091D73 /* Aaron Smith - Dancin (KRONO Remix).mp3 */; };
		A4AE569819ED58DE00091D73 /* Collect_Button.png in Resources */ = {isa = PBXBuildFile; fileRef = A4AE567619ED58DE00091D73 /* Collect_Button.png */; };
		A4AE569919ED58DE00091D73 /* darkScreen.png in Resources */ = {isa = PBXBuildFile; fileRef = A4AE567719ED58DE00091D73 /* darkScreen.png */; };
		A4AE569C19ED58DE00091D73 /* dpad.png in Resources */ = {isa = PBXBuildFile; fileRef = A4AE567A19ED58DE00091D73 /* dpad.png */; };
		A4AE569D19ED58DE00091D73 /* EXPLOSION.atlas in Resources */ = {isa = PBXBuildFile; fileRef = A4AE567B19ED58DE00091D73 /* EXPLOSION.atlas */; };
		A4AE569E19ED58DE00091D73 /* FLAME TRAIL.png in Resources */ = {isa = PBXBuildFile; fileRef = A4AE567C19ED58DE00091D73 /* FLAME TRAIL.png */; };
		A4AE569F19ED58DE00091D73 /* joystick.png in Resources */ = {isa = PBXBuildFile; fileRef = A4AE567D19ED58DE00091D73 /* joystick.png */; };
		A4AE56A019ED58DE00091D73 /* Laser.png in Resources */ = {isa = PBXBuildFile; fileRef = A4AE567E19ED58DE00091D73 /* Laser.png */; };
		A4AE56A119ED58DE00091D73 /* Orion-nebula-viewed-by-WISE.jpg in Resources */ = {isa = PBXBuildFile; fileRef = A4AE567F19ED58DE00091D73 /* Orion-nebula-viewed-by-WISE.jpg */; };
		A4AE56A219ED58DE00091D73 /* pauseButton.png in Resources */ = {isa = PBXBuildFile; fileRef = A4AE568019ED58DE00091D73 /* pauseButton.png */; };
		A4AE56A319ED58DE00091D73 /* Planet_3.png in Resources */ = {isa = PBXBuildFile; fileRef = A4AE568119ED58DE00091D73 /* Planet_3.png */; };
		A4AE56A419ED58DE00091D73 /* Planet_4.png in Resources */ = {isa = PBXBuildFile; fileRef = A4AE568219ED58DE00091D73 /* Planet_4.png */; };
		A4AE56A519ED58DE00091D73 /* resumeButton.png in Resources */ = {isa = PBXBuildFile; fileRef = A4AE568319ED58DE00091D73 /* resumeButton.png */; };
		A4AE56A619ED58DE00091D73 /* shuttle_0.png in Resources */ = {isa = PBXBuildFile; fileRef = A4AE568419ED58DE00091D73 /* shuttle_0.png */; };
		A4AE56A719ED58DE00091D73 /* Spaceship_2.png in Resources */ = {isa = PBXBuildFile; fileRef = A4AE568519ED58DE00091D73 /* Spaceship_2.png */; };
		A4AE56A819ED58DE00091D73 /* Spaceship_3.png in Resources */ = {isa = PBXBuildFile; fileRef = A4AE568619ED58DE00091D73 /* Spaceship_3.png */; };
		A4AE56A919ED58DE00091D73 /* Spaceship-1.png in Resources */ = {isa = PBXBuildFile; fileRef = A4AE568719ED58DE00091D73 /* Spaceship-1.png */; };
		A4AE56AA19ED58DE00091D73 /* Sword1.jpeg in Resources */ = {isa = PBXBuildFile; fileRef = A4AE568819ED58DE00091D73 /* Sword1.jpeg */; };
		A4AE56AB19ED58DE00091D73 /* Sword2.png in Resources */ = {isa = PBXBuildFile; fileRef = A4AE568919ED58DE00091D73 /* Sword2.png */; };
		A4AE56AC19ED58DE00091D73 /* Sword3.jpg in Resources */ = {isa = PBXBuildFile; fileRef = A4AE568A19ED58DE00091D73 /* Sword3.jpg */; };
		A4AE56AD19ED58DE00091D73 /* Sword4.png in Resources */ = {isa = PBXBuildFile; fileRef = A4AE568B19ED58DE00091D73 /* Sword4.png */; };
		A4AE56AE19ED58DE00091D73 /* Taylor Swift - Shake It Off.mp3 in Resources */ = {isa = PBXBuildFile; fileRef = A4AE568C19ED58DE00091D73 /* Taylor Swift - Shake It Off.mp3 */; };
		A4AE56B119ED58DE00091D73 /* Vanity1.png in Resources */ = {isa = PBXBuildFile; fileRef = A4AE568F19ED58DE00091D73 /* Vanity1.png */; };
		A4AE56B219ED58DE00091D73 /* Vanity2.jpg in Resources */ = {isa = PBXBuildFile; fileRef = A4AE569019ED58DE00091D73 /* Vanity2.jpg */; };
		A4AE56B319ED58DE00091D73 /* Vanity3.png in Resources */ = {isa = PBXBuildFile; fileRef = A4AE569119ED58DE00091D73 /* Vanity3.png */; };
		A4AE56B419ED58DE00091D73 /* Vanity4.jpg in Resources */ = {isa = PBXBuildFile; fileRef = A4AE569219ED58DE00091D73 /* Vanity4.jpg */; };
		A4C3A2DF1A05CE0900877CF0 /* SpaceScout18AndOverViewController.m in Sources */ = {isa = PBXBuildFile; fileRef = A4C3A2DE1A05CE0900877CF0 /* SpaceScout18AndOverViewController.m */; };
		A4C3A2E21A05CE2000877CF0 /* SpaceScoutInAppPurchaseViewController.m in Sources */ = {isa = PBXBuildFile; fileRef = A4C3A2E11A05CE2000877CF0 /* SpaceScoutInAppPurchaseViewController.m */; };
		A4C3A2E41A05D71500877CF0 /* restricted.png in Resources */ = {isa = PBXBuildFile; fileRef = A4C3A2E31A05D71500877CF0 /* restricted.png */; };
		A4C3A2E61A05D7C900877CF0 /* iap.jpg in Resources */ = {isa = PBXBuildFile; fileRef = A4C3A2E51A05D7C900877CF0 /* iap.jpg */; };
		B74FB1C119987BD9000F722B /* Foundation.framework in Frameworks */ = {isa = PBXBuildFile; fileRef = B74FB1C019987BD9000F722B /* Foundation.framework */; };
		B74FB1C319987BD9000F722B /* CoreGraphics.framework in Frameworks */ = {isa = PBXBuildFile; fileRef = B74FB1C219987BD9000F722B /* CoreGraphics.framework */; };
		B74FB1C519987BD9000F722B /* UIKit.framework in Frameworks */ = {isa = PBXBuildFile; fileRef = B74FB1C419987BD9000F722B /* UIKit.framework */; };
		B74FB1C719987BD9000F722B /* SpriteKit.framework in Frameworks */ = {isa = PBXBuildFile; fileRef = B74FB1C619987BD9000F722B /* SpriteKit.framework */; };
		B74FB1CD19987BD9000F722B /* InfoPlist.strings in Resources */ = {isa = PBXBuildFile; fileRef = B74FB1CB19987BD9000F722B /* InfoPlist.strings */; };
		B74FB1CF19987BD9000F722B /* main.m in Sources */ = {isa = PBXBuildFile; fileRef = B74FB1CE19987BD9000F722B /* main.m */; };
		B74FB1D319987BD9000F722B /* SpaceScoutAppDelegate.m in Sources */ = {isa = PBXBuildFile; fileRef = B74FB1D219987BD9000F722B /* SpaceScoutAppDelegate.m */; };
		B74FB1D619987BD9000F722B /* Main.storyboard in Resources */ = {isa = PBXBuildFile; fileRef = B74FB1D419987BD9000F722B /* Main.storyboard */; };
		B74FB1D919987BD9000F722B /* SpaceScoutViewController.m in Sources */ = {isa = PBXBuildFile; fileRef = B74FB1D819987BD9000F722B /* SpaceScoutViewController.m */; };
		B74FB1DC19987BD9000F722B /* SpaceScoutMyScene.m in Sources */ = {isa = PBXBuildFile; fileRef = B74FB1DB19987BD9000F722B /* SpaceScoutMyScene.m */; };
		B74FB1E019987BDA000F722B /* Images.xcassets in Resources */ = {isa = PBXBuildFile; fileRef = B74FB1DF19987BDA000F722B /* Images.xcassets */; };
		B74FB1E719987BDA000F722B /* XCTest.framework in Frameworks */ = {isa = PBXBuildFile; fileRef = B74FB1E619987BDA000F722B /* XCTest.framework */; };
		B74FB1E819987BDA000F722B /* Foundation.framework in Frameworks */ = {isa = PBXBuildFile; fileRef = B74FB1C019987BD9000F722B /* Foundation.framework */; };
		B74FB1E919987BDA000F722B /* UIKit.framework in Frameworks */ = {isa = PBXBuildFile; fileRef = B74FB1C419987BD9000F722B /* UIKit.framework */; };
		B74FB1F119987BDA000F722B /* InfoPlist.strings in Resources */ = {isa = PBXBuildFile; fileRef = B74FB1EF19987BDA000F722B /* InfoPlist.strings */; };
		B74FB1F319987BDA000F722B /* Space_ScoutTests.m in Sources */ = {isa = PBXBuildFile; fileRef = B74FB1F219987BDA000F722B /* Space_ScoutTests.m */; };
		B7E12C8F1999A6CE00C74BDF /* SpaceScoutPlayer.m in Sources */ = {isa = PBXBuildFile; fileRef = B7E12C8E1999A6CE00C74BDF /* SpaceScoutPlayer.m */; };
		CB1966AA19A4568600BF33C7 /* SpaceScoutShop.m in Sources */ = {isa = PBXBuildFile; fileRef = CB1966A919A4568600BF33C7 /* SpaceScoutShop.m */; };
		CB1AFFBB19F7661200C45B09 /* background-hd.png in Resources */ = {isa = PBXBuildFile; fileRef = CB1AFFBA19F7661200C45B09 /* background-hd.png */; };
		CB1AFFBE19F7668A00C45B09 /* SpaceScoutHighScoreCell.m in Sources */ = {isa = PBXBuildFile; fileRef = CB1AFFBD19F7668A00C45B09 /* SpaceScoutHighScoreCell.m */; };
		CB1AFFC019F76A6900C45B09 /* WallpaperHigh.jpg in Resources */ = {isa = PBXBuildFile; fileRef = CB1AFFBF19F76A6900C45B09 /* WallpaperHigh.jpg */; };
		CB1AFFC219F76C5200C45B09 /* Abstract-Light.jpg in Resources */ = {isa = PBXBuildFile; fileRef = CB1AFFC119F76C5200C45B09 /* Abstract-Light.jpg */; };
		CB4E817719B42F0C006F0BA0 /* SpaceScoutCreditsViewController.m in Sources */ = {isa = PBXBuildFile; fileRef = CB4E817619B42F0C006F0BA0 /* SpaceScoutCreditsViewController.m */; };
		CB4EC1561A13176C00E064CF /* SpaceScoutMainMenuNavigationViewController.m in Sources */ = {isa = PBXBuildFile; fileRef = CB4EC1551A13176C00E064CF /* SpaceScoutMainMenuNavigationViewController.m */; };
		CB82178C19B6D25000851783 /* SpaceScoutHomePageViewController.m in Sources */ = {isa = PBXBuildFile; fileRef = CB82178B19B6D25000851783 /* SpaceScoutHomePageViewController.m */; };
		CB91FCBA19F5EE210044AB3F /* SpaceScoutCreditCell.m in Sources */ = {isa = PBXBuildFile; fileRef = CB91FCB919F5EE210044AB3F /* SpaceScoutCreditCell.m */; };
		CB96441119B55021000F4590 /* SpaceScoutCredits.m in Sources */ = {isa = PBXBuildFile; fileRef = CB96441019B55021000F4590 /* SpaceScoutCredits.m */; };
		CB96441719B55726000F4590 /* SpaceScoutHighscoresViewController.m in Sources */ = {isa = PBXBuildFile; fileRef = CB96441619B55726000F4590 /* SpaceScoutHighscoresViewController.m */; };
		CB96441A19B55741000F4590 /* SpaceScoutHighscores.m in Sources */ = {isa = PBXBuildFile; fileRef = CB96441919B55741000F4590 /* SpaceScoutHighscores.m */; };
		CB9AEAD719BD6A8B00E65AC9 /* SpaceScoutCredit.m in Sources */ = {isa = PBXBuildFile; fileRef = CB9AEAD619BD6A8B00E65AC9 /* SpaceScoutCredit.m */; };
		CBE8CAAD199B209C00C95739 /* SpaceScoutWeaponsStoreViewController.m in Sources */ = {isa = PBXBuildFile; fileRef = CBE8CAAC199B209C00C95739 /* SpaceScoutWeaponsStoreViewController.m */; };
		CBE8CAB0199B20B200C95739 /* SpaceScoutVanityStoreViewController.m in Sources */ = {isa = PBXBuildFile; fileRef = CBE8CAAF199B20B200C95739 /* SpaceScoutVanityStoreViewController.m */; };
/* End PBXBuildFile section */

/* Begin PBXContainerItemProxy section */
		B74FB1EA19987BDA000F722B /* PBXContainerItemProxy */ = {
			isa = PBXContainerItemProxy;
			containerPortal = B74FB1B519987BD9000F722B /* Project object */;
			proxyType = 1;
			remoteGlobalIDString = B74FB1BC19987BD9000F722B;
			remoteInfo = "Space Scout";
		};
/* End PBXContainerItemProxy section */

/* Begin PBXFileReference section */
		A413B3CF1A1B704300C3673A /* SpaceScoutProjectile.h */ = {isa = PBXFileReference; fileEncoding = 4; lastKnownFileType = sourcecode.c.h; path = SpaceScoutProjectile.h; sourceTree = "<group>"; };
		A413B3D01A1B704300C3673A /* SpaceScoutProjectile.m */ = {isa = PBXFileReference; fileEncoding = 4; lastKnownFileType = sourcecode.c.objc; path = SpaceScoutProjectile.m; sourceTree = "<group>"; };
		A413B3D21A1B70AF00C3673A /* SpaceScoutEnemy.h */ = {isa = PBXFileReference; fileEncoding = 4; lastKnownFileType = sourcecode.c.h; path = SpaceScoutEnemy.h; sourceTree = "<group>"; };
		A413B3D31A1B70AF00C3673A /* SpaceScoutEnemy.m */ = {isa = PBXFileReference; fileEncoding = 4; lastKnownFileType = sourcecode.c.objc; path = SpaceScoutEnemy.m; sourceTree = "<group>"; };
		A413B3D61A1B710500C3673A /* SpaceScoutEnemyTeam.h */ = {isa = PBXFileReference; fileEncoding = 4; lastKnownFileType = sourcecode.c.h; path = SpaceScoutEnemyTeam.h; sourceTree = "<group>"; };
		A413B3D71A1B710500C3673A /* SpaceScoutEnemyTeam.m */ = {isa = PBXFileReference; fileEncoding = 4; lastKnownFileType = sourcecode.c.objc; path = SpaceScoutEnemyTeam.m; sourceTree = "<group>"; };
		A413B3DA1A1B750500C3673A /* SpaceScoutPhysicsBodyCategory.h */ = {isa = PBXFileReference; lastKnownFileType = sourcecode.c.h; path = SpaceScoutPhysicsBodyCategory.h; sourceTree = "<group>"; };
		A413B3DB1A1B814800C3673A /* tut 1.png */ = {isa = PBXFileReference; lastKnownFileType = image.png; path = "tut 1.png"; sourceTree = "<group>"; };
		A413B3DC1A1B814800C3673A /* tut 2.png */ = {isa = PBXFileReference; lastKnownFileType = image.png; path = "tut 2.png"; sourceTree = "<group>"; };
		A42774B719FFC4DB00B59B3B /* PageContentViewController.h */ = {isa = PBXFileReference; fileEncoding = 4; lastKnownFileType = sourcecode.c.h; path = PageContentViewController.h; sourceTree = "<group>"; };
		A42774B819FFC4DB00B59B3B /* PageContentViewController.m */ = {isa = PBXFileReference; fileEncoding = 4; lastKnownFileType = sourcecode.c.objc; path = PageContentViewController.m; sourceTree = "<group>"; };
		A42774BA19FFC4F500B59B3B /* PageViewController.h */ = {isa = PBXFileReference; fileEncoding = 4; lastKnownFileType = sourcecode.c.h; path = PageViewController.h; sourceTree = "<group>"; };
		A42774BB19FFC4F500B59B3B /* PageViewController.m */ = {isa = PBXFileReference; fileEncoding = 4; lastKnownFileType = sourcecode.c.objc; path = PageViewController.m; sourceTree = "<group>"; };
		A42774BD19FFCC1200B59B3B /* page1.png */ = {isa = PBXFileReference; lastKnownFileType = image.png; path = page1.png; sourceTree = "<group>"; };
		A42774BE19FFCC1200B59B3B /* page2.png */ = {isa = PBXFileReference; lastKnownFileType = image.png; path = page2.png; sourceTree = "<group>"; };
		A42774BF19FFCC1200B59B3B /* page3.png */ = {isa = PBXFileReference; lastKnownFileType = image.png; path = page3.png; sourceTree = "<group>"; };
		A42774C019FFCC1200B59B3B /* page4.png */ = {isa = PBXFileReference; lastKnownFileType = image.png; path = page4.png; sourceTree = "<group>"; };
		A446F4551A0E4BB5006F0728 /* LanguageSelectionViewController.h */ = {isa = PBXFileReference; fileEncoding = 4; lastKnownFileType = sourcecode.c.h; path = LanguageSelectionViewController.h; sourceTree = "<group>"; };
		A446F4561A0E4BB5006F0728 /* LanguageSelectionViewController.m */ = {isa = PBXFileReference; fileEncoding = 4; lastKnownFileType = sourcecode.c.objc; path = LanguageSelectionViewController.m; sourceTree = "<group>"; };
		A4672D1A19FB397300150AB1 /* homePageWallpaper.jpg */ = {isa = PBXFileReference; lastKnownFileType = image.jpeg; path = homePageWallpaper.jpg; sourceTree = "<group>"; };
		A4672D1C19FB657900150AB1 /* WeaponsWallpaper.jpg */ = {isa = PBXFileReference; lastKnownFileType = image.jpeg; path = WeaponsWallpaper.jpg; sourceTree = "<group>"; };
		A4672D1E19FB939700150AB1 /* VanityWallpaper.jpg */ = {isa = PBXFileReference; lastKnownFileType = image.jpeg; path = VanityWallpaper.jpg; sourceTree = "<group>"; };
		A49A255B19B35858004144D1 /* SpaceScoutHighScore.h */ = {isa = PBXFileReference; fileEncoding = 4; lastKnownFileType = sourcecode.c.h; path = SpaceScoutHighScore.h; sourceTree = "<group>"; };
		A49A255C19B35858004144D1 /* SpaceScoutHighScore.m */ = {isa = PBXFileReference; fileEncoding = 4; lastKnownFileType = sourcecode.c.objc; path = SpaceScoutHighScore.m; sourceTree = "<group>"; };
		A4A821931A025E0B00F76022 /* buy buy buy.jpg */ = {isa = PBXFileReference; lastKnownFileType = image.jpeg; path = "buy buy buy.jpg"; sourceTree = "<group>"; };
		A4AE566F19ED57EC00091D73 /* Joystick.h */ = {isa = PBXFileReference; fileEncoding = 4; lastKnownFileType = sourcecode.c.h; path = Joystick.h; sourceTree = "<group>"; };
		A4AE567019ED57EC00091D73 /* Joystick.m */ = {isa = PBXFileReference; fileEncoding = 4; lastKnownFileType = sourcecode.c.objc; path = Joystick.m; sourceTree = "<group>"; };
		A4AE567419ED58DE00091D73 /* Aaron Smith - Dancin (KRONO Remix).mp3 */ = {isa = PBXFileReference; lastKnownFileType = audio.mp3; path = "Aaron Smith - Dancin (KRONO Remix).mp3"; sourceTree = "<group>"; };
		A4AE567619ED58DE00091D73 /* Collect_Button.png */ = {isa = PBXFileReference; lastKnownFileType = image.png; path = Collect_Button.png; sourceTree = "<group>"; };
		A4AE567719ED58DE00091D73 /* darkScreen.png */ = {isa = PBXFileReference; lastKnownFileType = image.png; path = darkScreen.png; sourceTree = "<group>"; };
		A4AE567A19ED58DE00091D73 /* dpad.png */ = {isa = PBXFileReference; lastKnownFileType = image.png; path = dpad.png; sourceTree = "<group>"; };
		A4AE567B19ED58DE00091D73 /* EXPLOSION.atlas */ = {isa = PBXFileReference; lastKnownFileType = folder.skatlas; path = EXPLOSION.atlas; sourceTree = "<group>"; };
		A4AE567C19ED58DE00091D73 /* FLAME TRAIL.png */ = {isa = PBXFileReference; lastKnownFileType = image.png; path = "FLAME TRAIL.png"; sourceTree = "<group>"; };
		A4AE567D19ED58DE00091D73 /* joystick.png */ = {isa = PBXFileReference; lastKnownFileType = image.png; path = joystick.png; sourceTree = "<group>"; };
		A4AE567E19ED58DE00091D73 /* Laser.png */ = {isa = PBXFileReference; lastKnownFileType = image.png; path = Laser.png; sourceTree = "<group>"; };
		A4AE567F19ED58DE00091D73 /* Orion-nebula-viewed-by-WISE.jpg */ = {isa = PBXFileReference; lastKnownFileType = image.jpeg; path = "Orion-nebula-viewed-by-WISE.jpg"; sourceTree = "<group>"; };
		A4AE568019ED58DE00091D73 /* pauseButton.png */ = {isa = PBXFileReference; lastKnownFileType = image.png; path = pauseButton.png; sourceTree = "<group>"; };
		A4AE568119ED58DE00091D73 /* Planet_3.png */ = {isa = PBXFileReference; lastKnownFileType = image.png; path = Planet_3.png; sourceTree = "<group>"; };
		A4AE568219ED58DE00091D73 /* Planet_4.png */ = {isa = PBXFileReference; lastKnownFileType = image.png; path = Planet_4.png; sourceTree = "<group>"; };
		A4AE568319ED58DE00091D73 /* resumeButton.png */ = {isa = PBXFileReference; lastKnownFileType = image.png; path = resumeButton.png; sourceTree = "<group>"; };
		A4AE568419ED58DE00091D73 /* shuttle_0.png */ = {isa = PBXFileReference; lastKnownFileType = image.png; path = shuttle_0.png; sourceTree = "<group>"; };
		A4AE568519ED58DE00091D73 /* Spaceship_2.png */ = {isa = PBXFileReference; lastKnownFileType = image.png; path = Spaceship_2.png; sourceTree = "<group>"; };
		A4AE568619ED58DE00091D73 /* Spaceship_3.png */ = {isa = PBXFileReference; lastKnownFileType = image.png; path = Spaceship_3.png; sourceTree = "<group>"; };
		A4AE568719ED58DE00091D73 /* Spaceship-1.png */ = {isa = PBXFileReference; lastKnownFileType = image.png; path = "Spaceship-1.png"; sourceTree = "<group>"; };
		A4AE568819ED58DE00091D73 /* Sword1.jpeg */ = {isa = PBXFileReference; lastKnownFileType = image.jpeg; path = Sword1.jpeg; sourceTree = "<group>"; };
		A4AE568919ED58DE00091D73 /* Sword2.png */ = {isa = PBXFileReference; lastKnownFileType = image.png; path = Sword2.png; sourceTree = "<group>"; };
		A4AE568A19ED58DE00091D73 /* Sword3.jpg */ = {isa = PBXFileReference; lastKnownFileType = image.jpeg; path = Sword3.jpg; sourceTree = "<group>"; };
		A4AE568B19ED58DE00091D73 /* Sword4.png */ = {isa = PBXFileReference; lastKnownFileType = image.png; path = Sword4.png; sourceTree = "<group>"; };
		A4AE568C19ED58DE00091D73 /* Taylor Swift - Shake It Off.mp3 */ = {isa = PBXFileReference; lastKnownFileType = audio.mp3; path = "Taylor Swift - Shake It Off.mp3"; sourceTree = "<group>"; };
		A4AE568F19ED58DE00091D73 /* Vanity1.png */ = {isa = PBXFileReference; lastKnownFileType = image.png; path = Vanity1.png; sourceTree = "<group>"; };
		A4AE569019ED58DE00091D73 /* Vanity2.jpg */ = {isa = PBXFileReference; lastKnownFileType = image.jpeg; path = Vanity2.jpg; sourceTree = "<group>"; };
		A4AE569119ED58DE00091D73 /* Vanity3.png */ = {isa = PBXFileReference; lastKnownFileType = image.png; path = Vanity3.png; sourceTree = "<group>"; };
		A4AE569219ED58DE00091D73 /* Vanity4.jpg */ = {isa = PBXFileReference; lastKnownFileType = image.jpeg; path = Vanity4.jpg; sourceTree = "<group>"; };
		A4C3A2DD1A05CE0900877CF0 /* SpaceScout18AndOverViewController.h */ = {isa = PBXFileReference; fileEncoding = 4; lastKnownFileType = sourcecode.c.h; path = SpaceScout18AndOverViewController.h; sourceTree = "<group>"; };
		A4C3A2DE1A05CE0900877CF0 /* SpaceScout18AndOverViewController.m */ = {isa = PBXFileReference; fileEncoding = 4; lastKnownFileType = sourcecode.c.objc; path = SpaceScout18AndOverViewController.m; sourceTree = "<group>"; };
		A4C3A2E01A05CE2000877CF0 /* SpaceScoutInAppPurchaseViewController.h */ = {isa = PBXFileReference; fileEncoding = 4; lastKnownFileType = sourcecode.c.h; path = SpaceScoutInAppPurchaseViewController.h; sourceTree = "<group>"; };
		A4C3A2E11A05CE2000877CF0 /* SpaceScoutInAppPurchaseViewController.m */ = {isa = PBXFileReference; fileEncoding = 4; lastKnownFileType = sourcecode.c.objc; path = SpaceScoutInAppPurchaseViewController.m; sourceTree = "<group>"; };
		A4C3A2E31A05D71500877CF0 /* restricted.png */ = {isa = PBXFileReference; lastKnownFileType = image.png; name = restricted.png; path = "Images:music/restricted.png"; sourceTree = SOURCE_ROOT; };
		A4C3A2E51A05D7C900877CF0 /* iap.jpg */ = {isa = PBXFileReference; lastKnownFileType = image.jpeg; name = iap.jpg; path = "Images:music/iap.jpg"; sourceTree = SOURCE_ROOT; };
		B74FB1BD19987BD9000F722B /* Space Scout.app */ = {isa = PBXFileReference; explicitFileType = wrapper.application; includeInIndex = 0; path = "Space Scout.app"; sourceTree = BUILT_PRODUCTS_DIR; };
		B74FB1C019987BD9000F722B /* Foundation.framework */ = {isa = PBXFileReference; lastKnownFileType = wrapper.framework; name = Foundation.framework; path = System/Library/Frameworks/Foundation.framework; sourceTree = SDKROOT; };
		B74FB1C219987BD9000F722B /* CoreGraphics.framework */ = {isa = PBXFileReference; lastKnownFileType = wrapper.framework; name = CoreGraphics.framework; path = System/Library/Frameworks/CoreGraphics.framework; sourceTree = SDKROOT; };
		B74FB1C419987BD9000F722B /* UIKit.framework */ = {isa = PBXFileReference; lastKnownFileType = wrapper.framework; name = UIKit.framework; path = System/Library/Frameworks/UIKit.framework; sourceTree = SDKROOT; };
		B74FB1C619987BD9000F722B /* SpriteKit.framework */ = {isa = PBXFileReference; lastKnownFileType = wrapper.framework; name = SpriteKit.framework; path = System/Library/Frameworks/SpriteKit.framework; sourceTree = SDKROOT; };
		B74FB1CA19987BD9000F722B /* Space Scout-Info.plist */ = {isa = PBXFileReference; lastKnownFileType = text.plist.xml; path = "Space Scout-Info.plist"; sourceTree = "<group>"; };
		B74FB1CC19987BD9000F722B /* en */ = {isa = PBXFileReference; lastKnownFileType = text.plist.strings; name = en; path = en.lproj/InfoPlist.strings; sourceTree = "<group>"; };
		B74FB1CE19987BD9000F722B /* main.m */ = {isa = PBXFileReference; lastKnownFileType = sourcecode.c.objc; path = main.m; sourceTree = "<group>"; };
		B74FB1D019987BD9000F722B /* Space Scout-Prefix.pch */ = {isa = PBXFileReference; lastKnownFileType = sourcecode.c.h; path = "Space Scout-Prefix.pch"; sourceTree = "<group>"; };
		B74FB1D119987BD9000F722B /* SpaceScoutAppDelegate.h */ = {isa = PBXFileReference; lastKnownFileType = sourcecode.c.h; path = SpaceScoutAppDelegate.h; sourceTree = "<group>"; };
		B74FB1D219987BD9000F722B /* SpaceScoutAppDelegate.m */ = {isa = PBXFileReference; lastKnownFileType = sourcecode.c.objc; path = SpaceScoutAppDelegate.m; sourceTree = "<group>"; };
		B74FB1D519987BD9000F722B /* Base */ = {isa = PBXFileReference; lastKnownFileType = file.storyboard; name = Base; path = Base.lproj/Main.storyboard; sourceTree = "<group>"; };
		B74FB1D719987BD9000F722B /* SpaceScoutViewController.h */ = {isa = PBXFileReference; lastKnownFileType = sourcecode.c.h; path = SpaceScoutViewController.h; sourceTree = "<group>"; };
		B74FB1D819987BD9000F722B /* SpaceScoutViewController.m */ = {isa = PBXFileReference; lastKnownFileType = sourcecode.c.objc; path = SpaceScoutViewController.m; sourceTree = "<group>"; };
		B74FB1DA19987BD9000F722B /* SpaceScoutMyScene.h */ = {isa = PBXFileReference; lastKnownFileType = sourcecode.c.h; path = SpaceScoutMyScene.h; sourceTree = "<group>"; };
		B74FB1DB19987BD9000F722B /* SpaceScoutMyScene.m */ = {isa = PBXFileReference; lastKnownFileType = sourcecode.c.objc; path = SpaceScoutMyScene.m; sourceTree = "<group>"; };
		B74FB1DF19987BDA000F722B /* Images.xcassets */ = {isa = PBXFileReference; lastKnownFileType = folder.assetcatalog; path = Images.xcassets; sourceTree = "<group>"; };
		B74FB1E519987BDA000F722B /* Space ScoutTests.xctest */ = {isa = PBXFileReference; explicitFileType = wrapper.cfbundle; includeInIndex = 0; path = "Space ScoutTests.xctest"; sourceTree = BUILT_PRODUCTS_DIR; };
		B74FB1E619987BDA000F722B /* XCTest.framework */ = {isa = PBXFileReference; lastKnownFileType = wrapper.framework; name = XCTest.framework; path = Library/Frameworks/XCTest.framework; sourceTree = DEVELOPER_DIR; };
		B74FB1EE19987BDA000F722B /* Space ScoutTests-Info.plist */ = {isa = PBXFileReference; lastKnownFileType = text.plist.xml; path = "Space ScoutTests-Info.plist"; sourceTree = "<group>"; };
		B74FB1F019987BDA000F722B /* en */ = {isa = PBXFileReference; lastKnownFileType = text.plist.strings; name = en; path = en.lproj/InfoPlist.strings; sourceTree = "<group>"; };
		B74FB1F219987BDA000F722B /* Space_ScoutTests.m */ = {isa = PBXFileReference; lastKnownFileType = sourcecode.c.objc; path = Space_ScoutTests.m; sourceTree = "<group>"; };
		B7E12C8D1999A6CE00C74BDF /* SpaceScoutPlayer.h */ = {isa = PBXFileReference; fileEncoding = 4; lastKnownFileType = sourcecode.c.h; path = SpaceScoutPlayer.h; sourceTree = "<group>"; };
		B7E12C8E1999A6CE00C74BDF /* SpaceScoutPlayer.m */ = {isa = PBXFileReference; fileEncoding = 4; lastKnownFileType = sourcecode.c.objc; path = SpaceScoutPlayer.m; sourceTree = "<group>"; };
		CB1966A819A4568600BF33C7 /* SpaceScoutShop.h */ = {isa = PBXFileReference; fileEncoding = 4; lastKnownFileType = sourcecode.c.h; path = SpaceScoutShop.h; sourceTree = "<group>"; };
		CB1966A919A4568600BF33C7 /* SpaceScoutShop.m */ = {isa = PBXFileReference; fileEncoding = 4; lastKnownFileType = sourcecode.c.objc; path = SpaceScoutShop.m; sourceTree = "<group>"; };
		CB1AFFBA19F7661200C45B09 /* background-hd.png */ = {isa = PBXFileReference; lastKnownFileType = image.png; name = "background-hd.png"; path = "Images:music/background-hd.png"; sourceTree = SOURCE_ROOT; };
		CB1AFFBC19F7668A00C45B09 /* SpaceScoutHighScoreCell.h */ = {isa = PBXFileReference; fileEncoding = 4; lastKnownFileType = sourcecode.c.h; path = SpaceScoutHighScoreCell.h; sourceTree = "<group>"; };
		CB1AFFBD19F7668A00C45B09 /* SpaceScoutHighScoreCell.m */ = {isa = PBXFileReference; fileEncoding = 4; lastKnownFileType = sourcecode.c.objc; path = SpaceScoutHighScoreCell.m; sourceTree = "<group>"; };
		CB1AFFBF19F76A6900C45B09 /* WallpaperHigh.jpg */ = {isa = PBXFileReference; lastKnownFileType = image.jpeg; name = WallpaperHigh.jpg; path = "Images:music/WallpaperHigh.jpg"; sourceTree = SOURCE_ROOT; };
		CB1AFFC119F76C5200C45B09 /* Abstract-Light.jpg */ = {isa = PBXFileReference; lastKnownFileType = image.jpeg; name = "Abstract-Light.jpg"; path = "Images:music/Abstract-Light.jpg"; sourceTree = SOURCE_ROOT; };
		CB4E817519B42F0C006F0BA0 /* SpaceScoutCreditsViewController.h */ = {isa = PBXFileReference; fileEncoding = 4; lastKnownFileType = sourcecode.c.h; path = SpaceScoutCreditsViewController.h; sourceTree = "<group>"; };
		CB4E817619B42F0C006F0BA0 /* SpaceScoutCreditsViewController.m */ = {isa = PBXFileReference; fileEncoding = 4; lastKnownFileType = sourcecode.c.objc; path = SpaceScoutCreditsViewController.m; sourceTree = "<group>"; };
		CB4EC1541A13176C00E064CF /* SpaceScoutMainMenuNavigationViewController.h */ = {isa = PBXFileReference; fileEncoding = 4; lastKnownFileType = sourcecode.c.h; path = SpaceScoutMainMenuNavigationViewController.h; sourceTree = "<group>"; };
		CB4EC1551A13176C00E064CF /* SpaceScoutMainMenuNavigationViewController.m */ = {isa = PBXFileReference; fileEncoding = 4; lastKnownFileType = sourcecode.c.objc; path = SpaceScoutMainMenuNavigationViewController.m; sourceTree = "<group>"; };
		CB82178A19B6D25000851783 /* SpaceScoutHomePageViewController.h */ = {isa = PBXFileReference; fileEncoding = 4; lastKnownFileType = sourcecode.c.h; path = SpaceScoutHomePageViewController.h; sourceTree = "<group>"; };
		CB82178B19B6D25000851783 /* SpaceScoutHomePageViewController.m */ = {isa = PBXFileReference; fileEncoding = 4; lastKnownFileType = sourcecode.c.objc; path = SpaceScoutHomePageViewController.m; sourceTree = "<group>"; };
		CB91FCB819F5EE210044AB3F /* SpaceScoutCreditCell.h */ = {isa = PBXFileReference; fileEncoding = 4; lastKnownFileType = sourcecode.c.h; path = SpaceScoutCreditCell.h; sourceTree = "<group>"; };
		CB91FCB919F5EE210044AB3F /* SpaceScoutCreditCell.m */ = {isa = PBXFileReference; fileEncoding = 4; lastKnownFileType = sourcecode.c.objc; path = SpaceScoutCreditCell.m; sourceTree = "<group>"; };
		CB96440F19B55021000F4590 /* SpaceScoutCredits.h */ = {isa = PBXFileReference; fileEncoding = 4; lastKnownFileType = sourcecode.c.h; path = SpaceScoutCredits.h; sourceTree = "<group>"; };
		CB96441019B55021000F4590 /* SpaceScoutCredits.m */ = {isa = PBXFileReference; fileEncoding = 4; lastKnownFileType = sourcecode.c.objc; path = SpaceScoutCredits.m; sourceTree = "<group>"; };
		CB96441519B55726000F4590 /* SpaceScoutHighscoresViewController.h */ = {isa = PBXFileReference; fileEncoding = 4; lastKnownFileType = sourcecode.c.h; path = SpaceScoutHighscoresViewController.h; sourceTree = "<group>"; };
		CB96441619B55726000F4590 /* SpaceScoutHighscoresViewController.m */ = {isa = PBXFileReference; fileEncoding = 4; lastKnownFileType = sourcecode.c.objc; path = SpaceScoutHighscoresViewController.m; sourceTree = "<group>"; };
		CB96441819B55741000F4590 /* SpaceScoutHighscores.h */ = {isa = PBXFileReference; fileEncoding = 4; lastKnownFileType = sourcecode.c.h; path = SpaceScoutHighscores.h; sourceTree = "<group>"; };
		CB96441919B55741000F4590 /* SpaceScoutHighscores.m */ = {isa = PBXFileReference; fileEncoding = 4; lastKnownFileType = sourcecode.c.objc; path = SpaceScoutHighscores.m; sourceTree = "<group>"; };
		CB9AEAD519BD6A8B00E65AC9 /* SpaceScoutCredit.h */ = {isa = PBXFileReference; fileEncoding = 4; lastKnownFileType = sourcecode.c.h; path = SpaceScoutCredit.h; sourceTree = "<group>"; };
		CB9AEAD619BD6A8B00E65AC9 /* SpaceScoutCredit.m */ = {isa = PBXFileReference; fileEncoding = 4; lastKnownFileType = sourcecode.c.objc; path = SpaceScoutCredit.m; sourceTree = "<group>"; };
		CBA84AD41A08617600F3A7A4 /* de */ = {isa = PBXFileReference; lastKnownFileType = text.plist.strings; name = de; path = de.lproj/Main.strings; sourceTree = "<group>"; usesTabs = 0; };
		CBA84AD51A08617600F3A7A4 /* de */ = {isa = PBXFileReference; lastKnownFileType = text.plist.strings; name = de; path = de.lproj/InfoPlist.strings; sourceTree = "<group>"; };
		CBA84AD61A08617600F3A7A4 /* de */ = {isa = PBXFileReference; lastKnownFileType = text.plist.strings; name = de; path = de.lproj/InfoPlist.strings; sourceTree = "<group>"; };
		CBE8CAAB199B209C00C95739 /* SpaceScoutWeaponsStoreViewController.h */ = {isa = PBXFileReference; fileEncoding = 4; lastKnownFileType = sourcecode.c.h; path = SpaceScoutWeaponsStoreViewController.h; sourceTree = "<group>"; };
		CBE8CAAC199B209C00C95739 /* SpaceScoutWeaponsStoreViewController.m */ = {isa = PBXFileReference; fileEncoding = 4; lastKnownFileType = sourcecode.c.objc; path = SpaceScoutWeaponsStoreViewController.m; sourceTree = "<group>"; };
		CBE8CAAE199B20B200C95739 /* SpaceScoutVanityStoreViewController.h */ = {isa = PBXFileReference; fileEncoding = 4; lastKnownFileType = sourcecode.c.h; path = SpaceScoutVanityStoreViewController.h; sourceTree = "<group>"; };
		CBE8CAAF199B20B200C95739 /* SpaceScoutVanityStoreViewController.m */ = {isa = PBXFileReference; fileEncoding = 4; lastKnownFileType = sourcecode.c.objc; path = SpaceScoutVanityStoreViewController.m; sourceTree = "<group>"; };
/* End PBXFileReference section */

/* Begin PBXFrameworksBuildPhase section */
		B74FB1BA19987BD9000F722B /* Frameworks */ = {
			isa = PBXFrameworksBuildPhase;
			buildActionMask = 2147483647;
			files = (
				B74FB1C319987BD9000F722B /* CoreGraphics.framework in Frameworks */,
				B74FB1C519987BD9000F722B /* UIKit.framework in Frameworks */,
				B74FB1C719987BD9000F722B /* SpriteKit.framework in Frameworks */,
				B74FB1C119987BD9000F722B /* Foundation.framework in Frameworks */,
			);
			runOnlyForDeploymentPostprocessing = 0;
		};
		B74FB1E219987BDA000F722B /* Frameworks */ = {
			isa = PBXFrameworksBuildPhase;
			buildActionMask = 2147483647;
			files = (
				B74FB1E719987BDA000F722B /* XCTest.framework in Frameworks */,
				B74FB1E919987BDA000F722B /* UIKit.framework in Frameworks */,
				B74FB1E819987BDA000F722B /* Foundation.framework in Frameworks */,
			);
			runOnlyForDeploymentPostprocessing = 0;
		};
/* End PBXFrameworksBuildPhase section */

/* Begin PBXGroup section */
		A413B3C61A1B6CDE00C3673A /* Player */ = {
			isa = PBXGroup;
			children = (
				B7E12C8D1999A6CE00C74BDF /* SpaceScoutPlayer.h */,
				B7E12C8E1999A6CE00C74BDF /* SpaceScoutPlayer.m */,
			);
			name = Player;
			sourceTree = "<group>";
		};
		A413B3CA1A1B6F3100C3673A /* JoyStick */ = {
			isa = PBXGroup;
			children = (
				A4AE566F19ED57EC00091D73 /* Joystick.h */,
				A4AE567019ED57EC00091D73 /* Joystick.m */,
			);
			name = JoyStick;
			sourceTree = "<group>";
		};
		A413B3CB1A1B6F7400C3673A /* Delgation */ = {
			isa = PBXGroup;
			children = (
				B74FB1D119987BD9000F722B /* SpaceScoutAppDelegate.h */,
				B74FB1D219987BD9000F722B /* SpaceScoutAppDelegate.m */,
			);
			name = Delgation;
			sourceTree = "<group>";
		};
		A413B3CC1A1B6F8600C3673A /* Sprit Kit - Josh Collier */ = {
			isa = PBXGroup;
			children = (
				A413B3D91A1B74BB00C3673A /* View Controllers */,
				A413B3D51A1B70C000C3673A /* Enemy */,
				A413B3CA1A1B6F3100C3673A /* JoyStick */,
				A413B3CD1A1B6FD900C3673A /* Projectiles */,
				A413B3CE1A1B6FEE00C3673A /* My Scene */,
				A413B3DA1A1B750500C3673A /* SpaceScoutPhysicsBodyCategory.h */,
			);
			name = "Sprit Kit - Josh Collier";
			sourceTree = "<group>";
		};
		A413B3CD1A1B6FD900C3673A /* Projectiles */ = {
			isa = PBXGroup;
			children = (
				A413B3CF1A1B704300C3673A /* SpaceScoutProjectile.h */,
				A413B3D01A1B704300C3673A /* SpaceScoutProjectile.m */,
			);
			name = Projectiles;
			sourceTree = "<group>";
		};
		A413B3CE1A1B6FEE00C3673A /* My Scene */ = {
			isa = PBXGroup;
			children = (
				B74FB1DA19987BD9000F722B /* SpaceScoutMyScene.h */,
				B74FB1DB19987BD9000F722B /* SpaceScoutMyScene.m */,
			);
			name = "My Scene";
			sourceTree = "<group>";
		};
		A413B3D51A1B70C000C3673A /* Enemy */ = {
			isa = PBXGroup;
			children = (
				A413B3D21A1B70AF00C3673A /* SpaceScoutEnemy.h */,
				A413B3D31A1B70AF00C3673A /* SpaceScoutEnemy.m */,
				A413B3D61A1B710500C3673A /* SpaceScoutEnemyTeam.h */,
				A413B3D71A1B710500C3673A /* SpaceScoutEnemyTeam.m */,
			);
			name = Enemy;
			sourceTree = "<group>";
		};
		A413B3D91A1B74BB00C3673A /* View Controllers */ = {
			isa = PBXGroup;
			children = (
				B74FB1D719987BD9000F722B /* SpaceScoutViewController.h */,
				B74FB1D819987BD9000F722B /* SpaceScoutViewController.m */,
			);
			name = "View Controllers";
			sourceTree = "<group>";
		};
		A4672D2319FBA55C00150AB1 /* Intro */ = {
			isa = PBXGroup;
			children = (
				A42774B719FFC4DB00B59B3B /* PageContentViewController.h */,
				A42774B819FFC4DB00B59B3B /* PageContentViewController.m */,
				A42774BA19FFC4F500B59B3B /* PageViewController.h */,
				A42774BB19FFC4F500B59B3B /* PageViewController.m */,
				A446F4551A0E4BB5006F0728 /* LanguageSelectionViewController.h */,
				A446F4561A0E4BB5006F0728 /* LanguageSelectionViewController.m */,
			);
			name = Intro;
			sourceTree = "<group>";
		};
		A49A252D19B353FA004144D1 /* HighScore */ = {
			isa = PBXGroup;
			children = (
				CB96441519B55726000F4590 /* SpaceScoutHighscoresViewController.h */,
				CB96441619B55726000F4590 /* SpaceScoutHighscoresViewController.m */,
				CB96441819B55741000F4590 /* SpaceScoutHighscores.h */,
				CB96441919B55741000F4590 /* SpaceScoutHighscores.m */,
				A49A255B19B35858004144D1 /* SpaceScoutHighScore.h */,
				A49A255C19B35858004144D1 /* SpaceScoutHighScore.m */,
				CB1AFFBC19F7668A00C45B09 /* SpaceScoutHighScoreCell.h */,
				CB1AFFBD19F7668A00C45B09 /* SpaceScoutHighScoreCell.m */,
			);
			name = HighScore;
			sourceTree = "<group>";
		};
		A49A255E19B35CA8004144D1 /* Credits */ = {
			isa = PBXGroup;
			children = (
				CB4E817519B42F0C006F0BA0 /* SpaceScoutCreditsViewController.h */,
				CB4E817619B42F0C006F0BA0 /* SpaceScoutCreditsViewController.m */,
				CB96440F19B55021000F4590 /* SpaceScoutCredits.h */,
				CB96441019B55021000F4590 /* SpaceScoutCredits.m */,
				CB9AEAD519BD6A8B00E65AC9 /* SpaceScoutCredit.h */,
				CB9AEAD619BD6A8B00E65AC9 /* SpaceScoutCredit.m */,
				CB91FCB819F5EE210044AB3F /* SpaceScoutCreditCell.h */,
				CB91FCB919F5EE210044AB3F /* SpaceScoutCreditCell.m */,
			);
			name = Credits;
			sourceTree = "<group>";
		};
		A4C3A2DC1A05CDD300877CF0 /* extras/jokes */ = {
			isa = PBXGroup;
			children = (
				A4C3A2DD1A05CE0900877CF0 /* SpaceScout18AndOverViewController.h */,
				A4C3A2DE1A05CE0900877CF0 /* SpaceScout18AndOverViewController.m */,
				A4C3A2E01A05CE2000877CF0 /* SpaceScoutInAppPurchaseViewController.h */,
				A4C3A2E11A05CE2000877CF0 /* SpaceScoutInAppPurchaseViewController.m */,
			);
			name = extras/jokes;
			sourceTree = "<group>";
		};
		B74FB1B419987BD9000F722B = {
			isa = PBXGroup;
			children = (
				B74FB1C819987BD9000F722B /* Space Scout */,
			);
			sourceTree = "<group>";
		};
		B74FB1BE19987BD9000F722B /* Products */ = {
			isa = PBXGroup;
			children = (
				B74FB1BD19987BD9000F722B /* Space Scout.app */,
				B74FB1E519987BDA000F722B /* Space ScoutTests.xctest */,
			);
			name = Products;
			path = ..;
			sourceTree = "<group>";
		};
		B74FB1BF19987BD9000F722B /* Frameworks */ = {
			isa = PBXGroup;
			children = (
				B74FB1C019987BD9000F722B /* Foundation.framework */,
				B74FB1C219987BD9000F722B /* CoreGraphics.framework */,
				B74FB1C419987BD9000F722B /* UIKit.framework */,
				B74FB1C619987BD9000F722B /* SpriteKit.framework */,
				B74FB1E619987BDA000F722B /* XCTest.framework */,
			);
			name = Frameworks;
			path = ..;
			sourceTree = "<group>";
		};
		B74FB1C819987BD9000F722B /* Space Scout */ = {
			isa = PBXGroup;
			children = (
				A413B3CC1A1B6F8600C3673A /* Sprit Kit - Josh Collier */,
				A413B3CB1A1B6F7400C3673A /* Delgation */,
				A413B3C61A1B6CDE00C3673A /* Player */,
				CB1966AB19A458E500BF33C7 /* Images/music */,
				B74FB1D419987BD9000F722B /* Main.storyboard */,
				A4672D2319FBA55C00150AB1 /* Intro */,
				A49A255E19B35CA8004144D1 /* Credits */,
				A49A252D19B353FA004144D1 /* HighScore */,
				CB9C141A19A2E07C0030922A /* Shop */,
				CBE8CAAA199B1F6500C95739 /* ViewControllers */,
				B74FB1C919987BD9000F722B /* Supporting Files */,
			);
			path = "Space Scout";
			sourceTree = "<group>";
		};
		B74FB1C919987BD9000F722B /* Supporting Files */ = {
			isa = PBXGroup;
			children = (
				B74FB1DF19987BDA000F722B /* Images.xcassets */,
				B74FB1EC19987BDA000F722B /* Space ScoutTests */,
				B74FB1BF19987BD9000F722B /* Frameworks */,
				B74FB1BE19987BD9000F722B /* Products */,
				B74FB1CA19987BD9000F722B /* Space Scout-Info.plist */,
				B74FB1CB19987BD9000F722B /* InfoPlist.strings */,
				B74FB1CE19987BD9000F722B /* main.m */,
				B74FB1D019987BD9000F722B /* Space Scout-Prefix.pch */,
			);
			name = "Supporting Files";
			sourceTree = "<group>";
		};
		B74FB1EC19987BDA000F722B /* Space ScoutTests */ = {
			isa = PBXGroup;
			children = (
				B74FB1F219987BDA000F722B /* Space_ScoutTests.m */,
				B74FB1ED19987BDA000F722B /* Supporting Files */,
			);
			path = "Space ScoutTests";
			sourceTree = SOURCE_ROOT;
		};
		B74FB1ED19987BDA000F722B /* Supporting Files */ = {
			isa = PBXGroup;
			children = (
				B74FB1EE19987BDA000F722B /* Space ScoutTests-Info.plist */,
				B74FB1EF19987BDA000F722B /* InfoPlist.strings */,
			);
			name = "Supporting Files";
			sourceTree = "<group>";
		};
		CB1966AB19A458E500BF33C7 /* Images/music */ = {
			isa = PBXGroup;
			children = (
				A413B3DB1A1B814800C3673A /* tut 1.png */,
				A413B3DC1A1B814800C3673A /* tut 2.png */,
				A4C3A2E51A05D7C900877CF0 /* iap.jpg */,
				A4C3A2E31A05D71500877CF0 /* restricted.png */,
				A4A821931A025E0B00F76022 /* buy buy buy.jpg */,
				A42774BD19FFCC1200B59B3B /* page1.png */,
				A42774BE19FFCC1200B59B3B /* page2.png */,
				A42774BF19FFCC1200B59B3B /* page3.png */,
				A42774C019FFCC1200B59B3B /* page4.png */,
				A4672D1E19FB939700150AB1 /* VanityWallpaper.jpg */,
				A4672D1C19FB657900150AB1 /* WeaponsWallpaper.jpg */,
				A4672D1A19FB397300150AB1 /* homePageWallpaper.jpg */,
				CB1AFFC119F76C5200C45B09 /* Abstract-Light.jpg */,
				CB1AFFBF19F76A6900C45B09 /* WallpaperHigh.jpg */,
				CB1AFFBA19F7661200C45B09 /* background-hd.png */,
				A4AE567419ED58DE00091D73 /* Aaron Smith - Dancin (KRONO Remix).mp3 */,
				A4AE567619ED58DE00091D73 /* Collect_Button.png */,
				A4AE567719ED58DE00091D73 /* darkScreen.png */,
				A4AE567A19ED58DE00091D73 /* dpad.png */,
				A4AE567B19ED58DE00091D73 /* EXPLOSION.atlas */,
				A4AE567C19ED58DE00091D73 /* FLAME TRAIL.png */,
				A4AE567D19ED58DE00091D73 /* joystick.png */,
				A4AE567E19ED58DE00091D73 /* Laser.png */,
				A4AE567F19ED58DE00091D73 /* Orion-nebula-viewed-by-WISE.jpg */,
				A4AE568019ED58DE00091D73 /* pauseButton.png */,
				A4AE568119ED58DE00091D73 /* Planet_3.png */,
				A4AE568219ED58DE00091D73 /* Planet_4.png */,
				A4AE568319ED58DE00091D73 /* resumeButton.png */,
				A4AE568419ED58DE00091D73 /* shuttle_0.png */,
				A4AE568519ED58DE00091D73 /* Spaceship_2.png */,
				A4AE568619ED58DE00091D73 /* Spaceship_3.png */,
				A4AE568719ED58DE00091D73 /* Spaceship-1.png */,
				A4AE568819ED58DE00091D73 /* Sword1.jpeg */,
				A4AE568919ED58DE00091D73 /* Sword2.png */,
				A4AE568A19ED58DE00091D73 /* Sword3.jpg */,
				A4AE568B19ED58DE00091D73 /* Sword4.png */,
				A4AE568C19ED58DE00091D73 /* Taylor Swift - Shake It Off.mp3 */,
				A4AE568F19ED58DE00091D73 /* Vanity1.png */,
				A4AE569019ED58DE00091D73 /* Vanity2.jpg */,
				A4AE569119ED58DE00091D73 /* Vanity3.png */,
				A4AE569219ED58DE00091D73 /* Vanity4.jpg */,
			);
			name = Images/music;
			sourceTree = "<group>";
		};
		CB9C141A19A2E07C0030922A /* Shop */ = {
			isa = PBXGroup;
			children = (
				CBE8CAAB199B209C00C95739 /* SpaceScoutWeaponsStoreViewController.h */,
				CBE8CAAC199B209C00C95739 /* SpaceScoutWeaponsStoreViewController.m */,
				CBE8CAAE199B20B200C95739 /* SpaceScoutVanityStoreViewController.h */,
				CBE8CAAF199B20B200C95739 /* SpaceScoutVanityStoreViewController.m */,
				CB1966A819A4568600BF33C7 /* SpaceScoutShop.h */,
				CB1966A919A4568600BF33C7 /* SpaceScoutShop.m */,
			);
			name = Shop;
			sourceTree = "<group>";
		};
		CBE8CAAA199B1F6500C95739 /* ViewControllers */ = {
			isa = PBXGroup;
			children = (
				A4C3A2DC1A05CDD300877CF0 /* extras/jokes */,
				CB82178A19B6D25000851783 /* SpaceScoutHomePageViewController.h */,
				CB82178B19B6D25000851783 /* SpaceScoutHomePageViewController.m */,
				CB4EC1541A13176C00E064CF /* SpaceScoutMainMenuNavigationViewController.h */,
				CB4EC1551A13176C00E064CF /* SpaceScoutMainMenuNavigationViewController.m */,
			);
			name = ViewControllers;
			sourceTree = "<group>";
		};
/* End PBXGroup section */

/* Begin PBXNativeTarget section */
		B74FB1BC19987BD9000F722B /* Space Scout */ = {
			isa = PBXNativeTarget;
			buildConfigurationList = B74FB1F619987BDA000F722B /* Build configuration list for PBXNativeTarget "Space Scout" */;
			buildPhases = (
				B74FB1B919987BD9000F722B /* Sources */,
				B74FB1BA19987BD9000F722B /* Frameworks */,
				B74FB1BB19987BD9000F722B /* Resources */,
			);
			buildRules = (
			);
			dependencies = (
			);
			name = "Space Scout";
			productName = "Space Scout";
			productReference = B74FB1BD19987BD9000F722B /* Space Scout.app */;
			productType = "com.apple.product-type.application";
		};
		B74FB1E419987BDA000F722B /* Space ScoutTests */ = {
			isa = PBXNativeTarget;
			buildConfigurationList = B74FB1F919987BDA000F722B /* Build configuration list for PBXNativeTarget "Space ScoutTests" */;
			buildPhases = (
				B74FB1E119987BDA000F722B /* Sources */,
				B74FB1E219987BDA000F722B /* Frameworks */,
				B74FB1E319987BDA000F722B /* Resources */,
			);
			buildRules = (
			);
			dependencies = (
				B74FB1EB19987BDA000F722B /* PBXTargetDependency */,
			);
			name = "Space ScoutTests";
			productName = "Space ScoutTests";
			productReference = B74FB1E519987BDA000F722B /* Space ScoutTests.xctest */;
			productType = "com.apple.product-type.bundle.unit-test";
		};
/* End PBXNativeTarget section */

/* Begin PBXProject section */
		B74FB1B519987BD9000F722B /* Project object */ = {
			isa = PBXProject;
			attributes = {
				CLASSPREFIX = SpaceScout;
				LastUpgradeCheck = 0510;
				ORGANIZATIONNAME = "Collier King Co.";
				TargetAttributes = {
					B74FB1E419987BDA000F722B = {
						TestTargetID = B74FB1BC19987BD9000F722B;
					};
				};
			};
			buildConfigurationList = B74FB1B819987BD9000F722B /* Build configuration list for PBXProject "Space Scout" */;
			compatibilityVersion = "Xcode 3.2";
			developmentRegion = English;
			hasScannedForEncodings = 0;
			knownRegions = (
				en,
				Base,
				de,
			);
			mainGroup = B74FB1B419987BD9000F722B;
			productRefGroup = B74FB1BE19987BD9000F722B /* Products */;
			projectDirPath = "";
			projectRoot = "";
			targets = (
				B74FB1BC19987BD9000F722B /* Space Scout */,
				B74FB1E419987BDA000F722B /* Space ScoutTests */,
			);
		};
/* End PBXProject section */

/* Begin PBXResourcesBuildPhase section */
		B74FB1BB19987BD9000F722B /* Resources */ = {
			isa = PBXResourcesBuildPhase;
			buildActionMask = 2147483647;
			files = (
				A4AE569F19ED58DE00091D73 /* joystick.png in Resources */,
				A4AE569919ED58DE00091D73 /* darkScreen.png in Resources */,
				A4AE56B219ED58DE00091D73 /* Vanity2.jpg in Resources */,
				A413B3DE1A1B814800C3673A /* tut 2.png in Resources */,
				A4AE56AC19ED58DE00091D73 /* Sword3.jpg in Resources */,
				A4AE56A019ED58DE00091D73 /* Laser.png in Resources */,
				B74FB1CD19987BD9000F722B /* InfoPlist.strings in Resources */,
				A4C3A2E61A05D7C900877CF0 /* iap.jpg in Resources */,
				B74FB1E019987BDA000F722B /* Images.xcassets in Resources */,
				A4AE56A519ED58DE00091D73 /* resumeButton.png in Resources */,
				CB1AFFC219F76C5200C45B09 /* Abstract-Light.jpg in Resources */,
				CB1AFFC019F76A6900C45B09 /* WallpaperHigh.jpg in Resources */,
				A4AE569D19ED58DE00091D73 /* EXPLOSION.atlas in Resources */,
				A42774C419FFCC1200B59B3B /* page4.png in Resources */,
				A4672D1B19FB397300150AB1 /* homePageWallpaper.jpg in Resources */,
				A4AE56A219ED58DE00091D73 /* pauseButton.png in Resources */,
				A4AE56A919ED58DE00091D73 /* Spaceship-1.png in Resources */,
				A42774C119FFCC1200B59B3B /* page1.png in Resources */,
				A4AE569619ED58DE00091D73 /* Aaron Smith - Dancin (KRONO Remix).mp3 in Resources */,
				A42774C219FFCC1200B59B3B /* page2.png in Resources */,
				A4AE56AB19ED58DE00091D73 /* Sword2.png in Resources */,
				A4AE56A819ED58DE00091D73 /* Spaceship_3.png in Resources */,
				A4AE56A619ED58DE00091D73 /* shuttle_0.png in Resources */,
				A4AE56A719ED58DE00091D73 /* Spaceship_2.png in Resources */,
				A4AE56AD19ED58DE00091D73 /* Sword4.png in Resources */,
				A413B3DD1A1B814800C3673A /* tut 1.png in Resources */,
				A4672D1D19FB657900150AB1 /* WeaponsWallpaper.jpg in Resources */,
				A4AE569C19ED58DE00091D73 /* dpad.png in Resources */,
				A4AE569819ED58DE00091D73 /* Collect_Button.png in Resources */,
				A4C3A2E41A05D71500877CF0 /* restricted.png in Resources */,
				A4AE56B419ED58DE00091D73 /* Vanity4.jpg in Resources */,
				A4AE56B319ED58DE00091D73 /* Vanity3.png in Resources */,
				A4AE56AA19ED58DE00091D73 /* Sword1.jpeg in Resources */,
				CB1AFFBB19F7661200C45B09 /* background-hd.png in Resources */,
				A4AE56B119ED58DE00091D73 /* Vanity1.png in Resources */,
				A4672D1F19FB939700150AB1 /* VanityWallpaper.jpg in Resources */,
				A4AE56A119ED58DE00091D73 /* Orion-nebula-viewed-by-WISE.jpg in Resources */,
				A42774C319FFCC1200B59B3B /* page3.png in Resources */,
				A4AE56AE19ED58DE00091D73 /* Taylor Swift - Shake It Off.mp3 in Resources */,
				B74FB1D619987BD9000F722B /* Main.storyboard in Resources */,
				A4A821941A025E0B00F76022 /* buy buy buy.jpg in Resources */,
				A4AE56A319ED58DE00091D73 /* Planet_3.png in Resources */,
				A4AE56A419ED58DE00091D73 /* Planet_4.png in Resources */,
				A4AE569E19ED58DE00091D73 /* FLAME TRAIL.png in Resources */,
			);
			runOnlyForDeploymentPostprocessing = 0;
		};
		B74FB1E319987BDA000F722B /* Resources */ = {
			isa = PBXResourcesBuildPhase;
			buildActionMask = 2147483647;
			files = (
				B74FB1F119987BDA000F722B /* InfoPlist.strings in Resources */,
			);
			runOnlyForDeploymentPostprocessing = 0;
		};
/* End PBXResourcesBuildPhase section */

/* Begin PBXSourcesBuildPhase section */
		B74FB1B919987BD9000F722B /* Sources */ = {
			isa = PBXSourcesBuildPhase;
			buildActionMask = 2147483647;
			files = (
				B7E12C8F1999A6CE00C74BDF /* SpaceScoutPlayer.m in Sources */,
				A42774B919FFC4DB00B59B3B /* PageContentViewController.m in Sources */,
				CB4EC1561A13176C00E064CF /* SpaceScoutMainMenuNavigationViewController.m in Sources */,
				CB91FCBA19F5EE210044AB3F /* SpaceScoutCreditCell.m in Sources */,
				A42774BC19FFC4F500B59B3B /* PageViewController.m in Sources */,
				CB4E817719B42F0C006F0BA0 /* SpaceScoutCreditsViewController.m in Sources */,
				CB9AEAD719BD6A8B00E65AC9 /* SpaceScoutCredit.m in Sources */,
				CBE8CAB0199B20B200C95739 /* SpaceScoutVanityStoreViewController.m in Sources */,
				A49A255D19B35858004144D1 /* SpaceScoutHighScore.m in Sources */,
				A4AE567119ED57EC00091D73 /* Joystick.m in Sources */,
				B74FB1DC19987BD9000F722B /* SpaceScoutMyScene.m in Sources */,
				CB96441719B55726000F4590 /* SpaceScoutHighscoresViewController.m in Sources */,
				A413B3D41A1B70AF00C3673A /* SpaceScoutEnemy.m in Sources */,
				CBE8CAAD199B209C00C95739 /* SpaceScoutWeaponsStoreViewController.m in Sources */,
				CB1AFFBE19F7668A00C45B09 /* SpaceScoutHighScoreCell.m in Sources */,
				CB1966AA19A4568600BF33C7 /* SpaceScoutShop.m in Sources */,
				CB96441119B55021000F4590 /* SpaceScoutCredits.m in Sources */,
				CB96441A19B55741000F4590 /* SpaceScoutHighscores.m in Sources */,
				A4C3A2E21A05CE2000877CF0 /* SpaceScoutInAppPurchaseViewController.m in Sources */,
				CB82178C19B6D25000851783 /* SpaceScoutHomePageViewController.m in Sources */,
				B74FB1D319987BD9000F722B /* SpaceScoutAppDelegate.m in Sources */,
				A4C3A2DF1A05CE0900877CF0 /* SpaceScout18AndOverViewController.m in Sources */,
				B74FB1D919987BD9000F722B /* SpaceScoutViewController.m in Sources */,
				A446F4571A0E4BB5006F0728 /* LanguageSelectionViewController.m in Sources */,
				A413B3D11A1B704300C3673A /* SpaceScoutProjectile.m in Sources */,
				A413B3D81A1B710500C3673A /* SpaceScoutEnemyTeam.m in Sources */,
				B74FB1CF19987BD9000F722B /* main.m in Sources */,
			);
			runOnlyForDeploymentPostprocessing = 0;
		};
		B74FB1E119987BDA000F722B /* Sources */ = {
			isa = PBXSourcesBuildPhase;
			buildActionMask = 2147483647;
			files = (
				B74FB1F319987BDA000F722B /* Space_ScoutTests.m in Sources */,
			);
			runOnlyForDeploymentPostprocessing = 0;
		};
/* End PBXSourcesBuildPhase section */

/* Begin PBXTargetDependency section */
		B74FB1EB19987BDA000F722B /* PBXTargetDependency */ = {
			isa = PBXTargetDependency;
			target = B74FB1BC19987BD9000F722B /* Space Scout */;
			targetProxy = B74FB1EA19987BDA000F722B /* PBXContainerItemProxy */;
		};
/* End PBXTargetDependency section */

/* Begin PBXVariantGroup section */
		B74FB1CB19987BD9000F722B /* InfoPlist.strings */ = {
			isa = PBXVariantGroup;
			children = (
				B74FB1CC19987BD9000F722B /* en */,
				CBA84AD61A08617600F3A7A4 /* de */,
			);
			name = InfoPlist.strings;
			sourceTree = "<group>";
		};
		B74FB1D419987BD9000F722B /* Main.storyboard */ = {
			isa = PBXVariantGroup;
			children = (
				B74FB1D519987BD9000F722B /* Base */,
				CBA84AD41A08617600F3A7A4 /* de */,
			);
			name = Main.storyboard;
			sourceTree = "<group>";
		};
		B74FB1EF19987BDA000F722B /* InfoPlist.strings */ = {
			isa = PBXVariantGroup;
			children = (
				B74FB1F019987BDA000F722B /* en */,
				CBA84AD51A08617600F3A7A4 /* de */,
			);
			name = InfoPlist.strings;
			sourceTree = "<group>";
		};
/* End PBXVariantGroup section */

/* Begin XCBuildConfiguration section */
		B74FB1F419987BDA000F722B /* Debug */ = {
			isa = XCBuildConfiguration;
			buildSettings = {
				ALWAYS_SEARCH_USER_PATHS = NO;
				CLANG_CXX_LANGUAGE_STANDARD = "gnu++0x";
				CLANG_CXX_LIBRARY = "libc++";
				CLANG_ENABLE_MODULES = YES;
				CLANG_ENABLE_OBJC_ARC = YES;
				CLANG_WARN_BOOL_CONVERSION = YES;
				CLANG_WARN_CONSTANT_CONVERSION = YES;
				CLANG_WARN_DIRECT_OBJC_ISA_USAGE = YES_ERROR;
				CLANG_WARN_EMPTY_BODY = YES;
				CLANG_WARN_ENUM_CONVERSION = YES;
				CLANG_WARN_INT_CONVERSION = YES;
				CLANG_WARN_OBJC_ROOT_CLASS = YES_ERROR;
				CLANG_WARN__DUPLICATE_METHOD_MATCH = YES;
				"CODE_SIGN_IDENTITY[sdk=iphoneos*]" = "iPhone Developer";
				COPY_PHASE_STRIP = NO;
				GCC_C_LANGUAGE_STANDARD = gnu99;
				GCC_DYNAMIC_NO_PIC = NO;
				GCC_OPTIMIZATION_LEVEL = 0;
				GCC_PREPROCESSOR_DEFINITIONS = (
					"DEBUG=1",
					"$(inherited)",
				);
				GCC_SYMBOLS_PRIVATE_EXTERN = NO;
				GCC_WARN_64_TO_32_BIT_CONVERSION = YES;
				GCC_WARN_ABOUT_RETURN_TYPE = YES_ERROR;
				GCC_WARN_UNDECLARED_SELECTOR = YES;
				GCC_WARN_UNINITIALIZED_AUTOS = YES;
				GCC_WARN_UNUSED_FUNCTION = YES;
				GCC_WARN_UNUSED_VARIABLE = YES;
				IPHONEOS_DEPLOYMENT_TARGET = 7.0;
				ONLY_ACTIVE_ARCH = YES;
				SDKROOT = iphoneos;
			};
			name = Debug;
		};
		B74FB1F519987BDA000F722B /* Release */ = {
			isa = XCBuildConfiguration;
			buildSettings = {
				ALWAYS_SEARCH_USER_PATHS = NO;
				CLANG_CXX_LANGUAGE_STANDARD = "gnu++0x";
				CLANG_CXX_LIBRARY = "libc++";
				CLANG_ENABLE_MODULES = YES;
				CLANG_ENABLE_OBJC_ARC = YES;
				CLANG_WARN_BOOL_CONVERSION = YES;
				CLANG_WARN_CONSTANT_CONVERSION = YES;
				CLANG_WARN_DIRECT_OBJC_ISA_USAGE = YES_ERROR;
				CLANG_WARN_EMPTY_BODY = YES;
				CLANG_WARN_ENUM_CONVERSION = YES;
				CLANG_WARN_INT_CONVERSION = YES;
				CLANG_WARN_OBJC_ROOT_CLASS = YES_ERROR;
				CLANG_WARN__DUPLICATE_METHOD_MATCH = YES;
				"CODE_SIGN_IDENTITY[sdk=iphoneos*]" = "iPhone Developer";
				COPY_PHASE_STRIP = YES;
				ENABLE_NS_ASSERTIONS = NO;
				GCC_C_LANGUAGE_STANDARD = gnu99;
				GCC_WARN_64_TO_32_BIT_CONVERSION = YES;
				GCC_WARN_ABOUT_RETURN_TYPE = YES_ERROR;
				GCC_WARN_UNDECLARED_SELECTOR = YES;
				GCC_WARN_UNINITIALIZED_AUTOS = YES;
				GCC_WARN_UNUSED_FUNCTION = YES;
				GCC_WARN_UNUSED_VARIABLE = YES;
				IPHONEOS_DEPLOYMENT_TARGET = 7.0;
				SDKROOT = iphoneos;
				VALIDATE_PRODUCT = YES;
			};
			name = Release;
		};
		B74FB1F719987BDA000F722B /* Debug */ = {
			isa = XCBuildConfiguration;
			buildSettings = {
				ASSETCATALOG_COMPILER_APPICON_NAME = AppIcon;
				ASSETCATALOG_COMPILER_LAUNCHIMAGE_NAME = LaunchImage;
				GCC_PRECOMPILE_PREFIX_HEADER = YES;
				GCC_PREFIX_HEADER = "Space Scout/Space Scout-Prefix.pch";
				INFOPLIST_FILE = "Space Scout/Space Scout-Info.plist";
				PRODUCT_NAME = "$(TARGET_NAME)";
				SPRITEKIT_TEXTURE_ATLAS_OUTPUT = YES;
				WRAPPER_EXTENSION = app;
			};
			name = Debug;
		};
		B74FB1F819987BDA000F722B /* Release */ = {
			isa = XCBuildConfiguration;
			buildSettings = {
				ASSETCATALOG_COMPILER_APPICON_NAME = AppIcon;
				ASSETCATALOG_COMPILER_LAUNCHIMAGE_NAME = LaunchImage;
				GCC_PRECOMPILE_PREFIX_HEADER = YES;
				GCC_PREFIX_HEADER = "Space Scout/Space Scout-Prefix.pch";
				INFOPLIST_FILE = "Space Scout/Space Scout-Info.plist";
				PRODUCT_NAME = "$(TARGET_NAME)";
				SPRITEKIT_TEXTURE_ATLAS_OUTPUT = YES;
				WRAPPER_EXTENSION = app;
			};
			name = Release;
		};
		B74FB1FA19987BDA000F722B /* Debug */ = {
			isa = XCBuildConfiguration;
			buildSettings = {
				BUNDLE_LOADER = "$(BUILT_PRODUCTS_DIR)/Space Scout.app/Space Scout";
				FRAMEWORK_SEARCH_PATHS = (
					"$(SDKROOT)/Developer/Library/Frameworks",
					"$(inherited)",
					"$(DEVELOPER_FRAMEWORKS_DIR)",
				);
				GCC_PRECOMPILE_PREFIX_HEADER = YES;
				GCC_PREFIX_HEADER = "Space Scout/Space Scout-Prefix.pch";
				GCC_PREPROCESSOR_DEFINITIONS = (
					"DEBUG=1",
					"$(inherited)",
				);
				INFOPLIST_FILE = "Space ScoutTests/Space ScoutTests-Info.plist";
				PRODUCT_NAME = "$(TARGET_NAME)";
				TEST_HOST = "$(BUNDLE_LOADER)";
				WRAPPER_EXTENSION = xctest;
			};
			name = Debug;
		};
		B74FB1FB19987BDA000F722B /* Release */ = {
			isa = XCBuildConfiguration;
			buildSettings = {
				BUNDLE_LOADER = "$(BUILT_PRODUCTS_DIR)/Space Scout.app/Space Scout";
				FRAMEWORK_SEARCH_PATHS = (
					"$(SDKROOT)/Developer/Library/Frameworks",
					"$(inherited)",
					"$(DEVELOPER_FRAMEWORKS_DIR)",
				);
				GCC_PRECOMPILE_PREFIX_HEADER = YES;
				GCC_PREFIX_HEADER = "Space Scout/Space Scout-Prefix.pch";
				INFOPLIST_FILE = "Space ScoutTests/Space ScoutTests-Info.plist";
				PRODUCT_NAME = "$(TARGET_NAME)";
				TEST_HOST = "$(BUNDLE_LOADER)";
				WRAPPER_EXTENSION = xctest;
			};
			name = Release;
		};
/* End XCBuildConfiguration section */

/* Begin XCConfigurationList section */
		B74FB1B819987BD9000F722B /* Build configuration list for PBXProject "Space Scout" */ = {
			isa = XCConfigurationList;
			buildConfigurations = (
				B74FB1F419987BDA000F722B /* Debug */,
				B74FB1F519987BDA000F722B /* Release */,
			);
			defaultConfigurationIsVisible = 0;
			defaultConfigurationName = Release;
		};
		B74FB1F619987BDA000F722B /* Build configuration list for PBXNativeTarget "Space Scout" */ = {
			isa = XCConfigurationList;
			buildConfigurations = (
				B74FB1F719987BDA000F722B /* Debug */,
				B74FB1F819987BDA000F722B /* Release */,
			);
			defaultConfigurationIsVisible = 0;
			defaultConfigurationName = Release;
		};
		B74FB1F919987BDA000F722B /* Build configuration list for PBXNativeTarget "Space ScoutTests" */ = {
			isa = XCConfigurationList;
			buildConfigurations = (
				B74FB1FA19987BDA000F722B /* Debug */,
				B74FB1FB19987BDA000F722B /* Release */,
			);
			defaultConfigurationIsVisible = 0;
			defaultConfigurationName = Release;
		};
/* End XCConfigurationList section */
	};
	rootObject = B74FB1B519987BD9000F722B /* Project object */;
}
